
Microsoft Visual Studio Solution File, Format Version 12.00
# Visual Studio Version 17
VisualStudioVersion = 17.11.35222.181
MinimumVisualStudioVersion = 10.0.40219.1
Project("{9A19103F-16F7-4668-BE54-9A1E7A4F7556}") = "Outil Gestion Pilot", "Outil Gestion Pilot\Outil Gestion Pilot.csproj", "{39BF987B-E516-47DC-81D5-87A6B01772DD}"
EndProject
Project("{9A19103F-16F7-4668-BE54-9A1E7A4F7556}") = "Outil Gestion PilotTests", "Outil Gestion PilotTests1\Outil Gestion PilotTests.csproj", "{D85F2786-0CF9-4709-ABDF-18E10D8EEEB5}"
EndProject
Global
	GlobalSection(SolutionConfigurationPlatforms) = preSolution
		Debug|Any CPU = Debug|Any CPU
		Release|Any CPU = Release|Any CPU
	EndGlobalSection
	GlobalSection(ProjectConfigurationPlatforms) = postSolution
		{39BF987B-E516-47DC-81D5-87A6B01772DD}.Debug|Any CPU.ActiveCfg = Debug|Any CPU
		{39BF987B-E516-47DC-81D5-87A6B01772DD}.Debug|Any CPU.Build.0 = Debug|Any CPU
		{39BF987B-E516-47DC-81D5-87A6B01772DD}.Release|Any CPU.ActiveCfg = Release|Any CPU
		{39BF987B-E516-47DC-81D5-87A6B01772DD}.Release|Any CPU.Build.0 = Release|Any CPU
		{D85F2786-0CF9-4709-ABDF-18E10D8EEEB5}.Debug|Any CPU.ActiveCfg = Debug|Any CPU
		{D85F2786-0CF9-4709-ABDF-18E10D8EEEB5}.Debug|Any CPU.Build.0 = Debug|Any CPU
		{D85F2786-0CF9-4709-ABDF-18E10D8EEEB5}.Release|Any CPU.ActiveCfg = Release|Any CPU
		{D85F2786-0CF9-4709-ABDF-18E10D8EEEB5}.Release|Any CPU.Build.0 = Release|Any CPU
	EndGlobalSection
	GlobalSection(SolutionProperties) = preSolution
		HideSolutionNode = FALSE
	EndGlobalSection
	GlobalSection(ExtensibilityGlobals) = postSolution
		SolutionGuid = {2CB61FC2-940A-4E05-91C5-D23F464EF604}
	EndGlobalSection
EndGlobal
